
Microsoft Visual Studio Solution File, Format Version 12.00
# Visual Studio Version 17
VisualStudioVersion = 17.4.33103.184
MinimumVisualStudioVersion = 10.0.40219.1
Project("{FAE04EC0-301F-11D3-BF4B-00C04F79EFBC}") = "BulldogsPortal", "BulldogsPortal.csproj", "{CED00B81-368C-47A9-B278-E5B25AD6EAA9}"
EndProject
Global
	GlobalSection(SolutionConfigurationPlatforms) = preSolution
		Debug|Any CPU = Debug|Any CPU
		Release|Any CPU = Release|Any CPU
	EndGlobalSection
	GlobalSection(ProjectConfigurationPlatforms) = postSolution
		{CED00B81-368C-47A9-B278-E5B25AD6EAA9}.Debug|Any CPU.ActiveCfg = Debug|Any CPU
		{CED00B81-368C-47A9-B278-E5B25AD6EAA9}.Debug|Any CPU.Build.0 = Debug|Any CPU
		{CED00B81-368C-47A9-B278-E5B25AD6EAA9}.Release|Any CPU.ActiveCfg = Release|Any CPU
		{CED00B81-368C-47A9-B278-E5B25AD6EAA9}.Release|Any CPU.Build.0 = Release|Any CPU
	EndGlobalSection
	GlobalSection(SolutionProperties) = preSolution
		HideSolutionNode = FALSE
	EndGlobalSection
	GlobalSection(ExtensibilityGlobals) = postSolution
		SolutionGuid = {001AFB95-2CB2-47E4-9AC5-688F8F3F5D4E}
	EndGlobalSection
EndGlobal
